
Microsoft Visual Studio Solution File, Format Version 12.00
# Visual Studio Version 16
VisualStudioVersion = 16.0.34601.136
MinimumVisualStudioVersion = 10.0.40219.1
Project("{888888A0-9F3D-457C-B088-3A5042F75D52}") = "Ip_Comprasion", "Ip_Comprasion.pyproj", "{478473AC-699B-44B3-BF61-56B31D0353A5}"
EndProject
Global
	GlobalSection(SolutionConfigurationPlatforms) = preSolution
		Debug|Any CPU = Debug|Any CPU
		Release|Any CPU = Release|Any CPU
	EndGlobalSection
	GlobalSection(ProjectConfigurationPlatforms) = postSolution
		{478473AC-699B-44B3-BF61-56B31D0353A5}.Debug|Any CPU.ActiveCfg = Debug|Any CPU
		{478473AC-699B-44B3-BF61-56B31D0353A5}.Release|Any CPU.ActiveCfg = Release|Any CPU
	EndGlobalSection
	GlobalSection(SolutionProperties) = preSolution
		HideSolutionNode = FALSE
	EndGlobalSection
	GlobalSection(ExtensibilityGlobals) = postSolution
		SolutionGuid = {FA1955BD-7906-4891-BB9B-52A2F3B4C130}
	EndGlobalSection
EndGlobal
